
Microsoft Visual Studio Solution File, Format Version 12.00
# Visual Studio Version 16
VisualStudioVersion = 16.0.32106.194
MinimumVisualStudioVersion = 10.0.40219.1
Project("{FAE04EC0-301F-11D3-BF4B-00C04F79EFBC}") = "Lab2Bowen", "Lab2Bowen\Lab2Bowen.csproj", "{BA2C3444-4861-4871-BD21-0430EDB33646}"
EndProject
Global
	GlobalSection(SolutionConfigurationPlatforms) = preSolution
		Debug|Any CPU = Debug|Any CPU
		Release|Any CPU = Release|Any CPU
	EndGlobalSection
	GlobalSection(ProjectConfigurationPlatforms) = postSolution
		{BA2C3444-4861-4871-BD21-0430EDB33646}.Debug|Any CPU.ActiveCfg = Debug|Any CPU
		{BA2C3444-4861-4871-BD21-0430EDB33646}.Debug|Any CPU.Build.0 = Debug|Any CPU
		{BA2C3444-4861-4871-BD21-0430EDB33646}.Release|Any CPU.ActiveCfg = Release|Any CPU
		{BA2C3444-4861-4871-BD21-0430EDB33646}.Release|Any CPU.Build.0 = Release|Any CPU
	EndGlobalSection
	GlobalSection(SolutionProperties) = preSolution
		HideSolutionNode = FALSE
	EndGlobalSection
	GlobalSection(ExtensibilityGlobals) = postSolution
		SolutionGuid = {BAE667E7-9E8C-45A6-BEEF-E138D47CCDFD}
	EndGlobalSection
EndGlobal
